
Microsoft Visual Studio Solution File, Format Version 12.00
# Visual Studio Version 17
VisualStudioVersion = 17.2.32505.173
MinimumVisualStudioVersion = 10.0.40219.1
Project("{FAE04EC0-301F-11D3-BF4B-00C04F79EFBC}") = "MonBazouModInstaller", "MonBazouModInstaller.csproj", "{1C6F00DC-C5CF-4C14-B274-E8532E9974BD}"
EndProject
Global
	GlobalSection(SolutionConfigurationPlatforms) = preSolution
		Debug|Any CPU = Debug|Any CPU
		Release|Any CPU = Release|Any CPU
	EndGlobalSection
	GlobalSection(ProjectConfigurationPlatforms) = postSolution
		{1C6F00DC-C5CF-4C14-B274-E8532E9974BD}.Debug|Any CPU.ActiveCfg = Debug|Any CPU
		{1C6F00DC-C5CF-4C14-B274-E8532E9974BD}.Debug|Any CPU.Build.0 = Debug|Any CPU
		{1C6F00DC-C5CF-4C14-B274-E8532E9974BD}.Release|Any CPU.ActiveCfg = Release|Any CPU
		{1C6F00DC-C5CF-4C14-B274-E8532E9974BD}.Release|Any CPU.Build.0 = Release|Any CPU
	EndGlobalSection
	GlobalSection(SolutionProperties) = preSolution
		HideSolutionNode = FALSE
	EndGlobalSection
	GlobalSection(ExtensibilityGlobals) = postSolution
		SolutionGuid = {2DECF621-684A-4BD4-B1C5-2B49697C6B10}
	EndGlobalSection
EndGlobal
